{
  "version": 4,
  "terraform_version": "1.0.7",
  "serial": 417,
  "lineage": "8e2cea54-e640-b22b-e9ca-dbff73afe616",
  "outputs": {
    "alb_id": {
      "value": "arn:aws:elasticloadbalancing:sa-east-1:374120343751:loadbalancer/app/Terraform-ALB/7b6ddbfa1e180ca1",
      "type": "string"
    },
    "igw_id": {
      "value": "igw-07822ebe70c503ed3",
      "type": "string"
    },
    "private_route_table_id": {
      "value": "rtb-0973a1996d5b18e9d",
      "type": "string"
    },
    "public_route_table_id": {
      "value": "rtb-0eb1e73571c6f5e59",
      "type": "string"
    },
    "route_table_assossiation_ids": {
      "value": [
        "rtbassoc-0add7aabdf13596dc",
        "rtbassoc-067fe3c487f655376",
        "rtbassoc-06b2aab9624ab9b08",
        "rtbassoc-03db2df163fd23ad9"
      ],
      "type": [
        "tuple",
        [
          "string",
          "string",
          "string",
          "string"
        ]
      ]
    },
    "sg_alb_id": {
      "value": "sg-0a36f2a3504284178",
      "type": "string"
    },
    "sg_db_id": {
      "value": "sg-0d276a267c815d444",
      "type": "string"
    },
    "sg_web_id": {
      "value": "sg-0eea951213866ab55",
      "type": "string"
    },
    "subnet_ids": {
      "value": {
        "Private A": "subnet-0c4381be59caa3913",
        "Private B": "subnet-0d38f83bf414e80a3",
        "Public A": "subnet-0a4b35426abbff83e",
        "Public B": "subnet-0f3270e1eadcc06a7"
      },
      "type": [
        "object",
        {
          "Private A": "string",
          "Private B": "string",
          "Public A": "string",
          "Public B": "string"
        }
      ]
    },
    "vpc_id": {
      "value": "vpc-009bd95c7896b8e37",
      "type": "string"
    }
  },
  "resources": [
    {
      "mode": "data",
      "type": "aws_ami",
      "name": "ubuntu",
      "provider": "provider[\"registry.terraform.io/hashicorp/aws\"]",
      "instances": [
        {
          "schema_version": 0,
          "attributes": {
            "architecture": "x86_64",
            "arn": "arn:aws:ec2:sa-east-1::image/ami-0fb509f11939c4d85",
            "block_device_mappings": [
              {
                "device_name": "/dev/sda1",
                "ebs": {
                  "delete_on_termination": "true",
                  "encrypted": "false",
                  "iops": "0",
                  "snapshot_id": "snap-090e0f4f976f2ec2a",
                  "throughput": "0",
                  "volume_size": "35",
                  "volume_type": "gp2"
                },
                "no_device": "",
                "virtual_name": ""
              },
              {
                "device_name": "/dev/sdb",
                "ebs": {},
                "no_device": "",
                "virtual_name": "ephemeral0"
              },
              {
                "device_name": "/dev/sdc",
                "ebs": {},
                "no_device": "",
                "virtual_name": "ephemeral1"
              }
            ],
            "creation_date": "2021-09-09T14:31:17.000Z",
            "description": "AWS ParallelCluster AMI for ubuntu2004, kernel-5.11.0-1016-aws, lustre-5.11.0.1016.17~20.04.15, efa-1.13.0-1.amzn1, dcv-2021.1.10851-1, slurm-20-11-8-1, nvidia-470.57.02",
            "ena_support": true,
            "executable_users": null,
            "filter": [
              {
                "name": "architecture",
                "values": [
                  "x86_64"
                ]
              }
            ],
            "hypervisor": "xen",
            "id": "ami-0fb509f11939c4d85",
            "image_id": "ami-0fb509f11939c4d85",
            "image_location": "amazon/aws-parallelcluster-3.0.0-ubuntu-2004-lts-hvm-x86_64-202109071115 2021-09-07T11-19-02.092Z",
            "image_owner_alias": "amazon",
            "image_type": "machine",
            "kernel_id": null,
            "most_recent": true,
            "name": "aws-parallelcluster-3.0.0-ubuntu-2004-lts-hvm-x86_64-202109071115 2021-09-07T11-19-02.092Z",
            "name_regex": "ubuntu",
            "owner_id": "247102896272",
            "owners": [
              "amazon"
            ],
            "platform": null,
            "platform_details": "Linux/UNIX",
            "product_codes": [],
            "public": true,
            "ramdisk_id": null,
            "root_device_name": "/dev/sda1",
            "root_device_type": "ebs",
            "root_snapshot_id": "snap-090e0f4f976f2ec2a",
            "sriov_net_support": "simple",
            "state": "available",
            "state_reason": {
              "code": "UNSET",
              "message": "UNSET"
            },
            "tags": {},
            "usage_operation": "RunInstances",
            "virtualization_type": "hvm"
          },
          "sensitive_attributes": []
        }
      ]
    },
    {
      "mode": "managed",
      "type": "aws_autoscaling_group",
      "name": "this",
      "provider": "provider[\"registry.terraform.io/hashicorp/aws\"]",
      "instances": [
        {
          "schema_version": 0,
          "attributes": {
            "arn": "arn:aws:autoscaling:sa-east-1:374120343751:autoScalingGroup:9699baa5-0a8a-471d-bf58-6bd0be88353c:autoScalingGroupName/terraform-autoscaling",
            "availability_zones": [
              "sa-east-1a",
              "sa-east-1b"
            ],
            "capacity_rebalance": false,
            "default_cooldown": 300,
            "desired_capacity": 2,
            "enabled_metrics": null,
            "force_delete": true,
            "health_check_grace_period": 240,
            "health_check_type": "ELB",
            "id": "terraform-autoscaling",
            "initial_lifecycle_hook": [],
            "instance_refresh": [],
            "launch_configuration": "",
            "launch_template": [
              {
                "id": "lt-0aa31cd6396f92b2f",
                "name": "terraform-20210929031850907400000001",
                "version": "1"
              }
            ],
            "load_balancers": null,
            "max_instance_lifetime": 0,
            "max_size": 5,
            "metrics_granularity": "1Minute",
            "min_elb_capacity": null,
            "min_size": 2,
            "mixed_instances_policy": [],
            "name": "terraform-autoscaling",
            "name_prefix": null,
            "placement_group": "",
            "protect_from_scale_in": false,
            "service_linked_role_arn": "arn:aws:iam::374120343751:role/aws-service-role/autoscaling.amazonaws.com/AWSServiceRoleForAutoScaling",
            "suspended_processes": null,
            "tag": [],
            "tags": null,
            "target_group_arns": [
              "arn:aws:elasticloadbalancing:sa-east-1:374120343751:targetgroup/ALB-TG/426dea89926d99a6"
            ],
            "termination_policies": null,
            "timeouts": null,
            "vpc_zone_identifier": [
              "subnet-0a4b35426abbff83e",
              "subnet-0f3270e1eadcc06a7"
            ],
            "wait_for_capacity_timeout": "10m",
            "wait_for_elb_capacity": null
          },
          "sensitive_attributes": [],
          "private": "eyJlMmJmYjczMC1lY2FhLTExZTYtOGY4OC0zNDM2M2JjN2M0YzAiOnsiZGVsZXRlIjo2MDAwMDAwMDAwMDB9fQ==",
          "dependencies": [
            "aws_launch_template.this",
            "aws_lb_target_group.this",
            "aws_security_group.alb",
            "aws_security_group.autoscaling",
            "aws_subnet.this",
            "aws_vpc.this",
            "data.aws_ami.ubuntu"
          ]
        }
      ]
    },
    {
      "mode": "managed",
      "type": "aws_autoscaling_policy",
      "name": "scaledown",
      "provider": "provider[\"registry.terraform.io/hashicorp/aws\"]",
      "instances": [
        {
          "schema_version": 0,
          "attributes": {
            "adjustment_type": "ChangeInCapacity",
            "arn": "arn:aws:autoscaling:sa-east-1:374120343751:scalingPolicy:12ac6d3a-ceb6-4b74-bb46-806540232a88:autoScalingGroupName/terraform-autoscaling:policyName/Scale Down",
            "autoscaling_group_name": "terraform-autoscaling",
            "cooldown": 180,
            "estimated_instance_warmup": 0,
            "id": "Scale Down",
            "metric_aggregation_type": "",
            "min_adjustment_magnitude": null,
            "name": "Scale Down",
            "policy_type": "SimpleScaling",
            "scaling_adjustment": -1,
            "step_adjustment": [],
            "target_tracking_configuration": []
          },
          "sensitive_attributes": [],
          "private": "bnVsbA==",
          "dependencies": [
            "aws_autoscaling_group.this",
            "aws_launch_template.this",
            "aws_lb_target_group.this",
            "aws_security_group.alb",
            "aws_security_group.autoscaling",
            "aws_subnet.this",
            "aws_vpc.this",
            "data.aws_ami.ubuntu"
          ]
        }
      ]
    },
    {
      "mode": "managed",
      "type": "aws_autoscaling_policy",
      "name": "scaleup",
      "provider": "provider[\"registry.terraform.io/hashicorp/aws\"]",
      "instances": [
        {
          "schema_version": 0,
          "attributes": {
            "adjustment_type": "ChangeInCapacity",
            "arn": "arn:aws:autoscaling:sa-east-1:374120343751:scalingPolicy:873b1a14-ef54-4980-add3-1fb435e4aa7a:autoScalingGroupName/terraform-autoscaling:policyName/Scale Up",
            "autoscaling_group_name": "terraform-autoscaling",
            "cooldown": 180,
            "estimated_instance_warmup": 0,
            "id": "Scale Up",
            "metric_aggregation_type": "",
            "min_adjustment_magnitude": null,
            "name": "Scale Up",
            "policy_type": "SimpleScaling",
            "scaling_adjustment": 1,
            "step_adjustment": [],
            "target_tracking_configuration": []
          },
          "sensitive_attributes": [],
          "private": "bnVsbA==",
          "dependencies": [
            "aws_autoscaling_group.this",
            "aws_launch_template.this",
            "aws_lb_target_group.this",
            "aws_security_group.alb",
            "aws_security_group.autoscaling",
            "aws_subnet.this",
            "aws_vpc.this",
            "data.aws_ami.ubuntu"
          ]
        }
      ]
    },
    {
      "mode": "managed",
      "type": "aws_cloudwatch_metric_alarm",
      "name": "down",
      "provider": "provider[\"registry.terraform.io/hashicorp/aws\"]",
      "instances": [
        {
          "schema_version": 1,
          "attributes": {
            "actions_enabled": true,
            "alarm_actions": [
              "arn:aws:autoscaling:sa-east-1:374120343751:scalingPolicy:12ac6d3a-ceb6-4b74-bb46-806540232a88:autoScalingGroupName/terraform-autoscaling:policyName/Scale Down"
            ],
            "alarm_description": "Scales down an instance when CPU utilization is lesser than 40%",
            "alarm_name": "ASG Down",
            "arn": "arn:aws:cloudwatch:sa-east-1:374120343751:alarm:ASG Down",
            "comparison_operator": "LessThanOrEqualToThreshold",
            "datapoints_to_alarm": 0,
            "dimensions": {
              "AutoScalingGroupName": "terraform-autoscaling"
            },
            "evaluate_low_sample_count_percentiles": "",
            "evaluation_periods": 1,
            "extended_statistic": "",
            "id": "ASG Down",
            "insufficient_data_actions": null,
            "metric_name": "CPUUtilization",
            "metric_query": [],
            "namespace": "AWS/EC2",
            "ok_actions": null,
            "period": 60,
            "statistic": "Average",
            "tags": null,
            "threshold": 40,
            "threshold_metric_id": "",
            "treat_missing_data": "missing",
            "unit": ""
          },
          "sensitive_attributes": [],
          "private": "eyJzY2hlbWFfdmVyc2lvbiI6IjEifQ==",
          "dependencies": [
            "aws_autoscaling_group.this",
            "aws_autoscaling_policy.scaledown",
            "aws_launch_template.this",
            "aws_lb_target_group.this",
            "aws_security_group.alb",
            "aws_security_group.autoscaling",
            "aws_subnet.this",
            "aws_vpc.this",
            "data.aws_ami.ubuntu"
          ]
        }
      ]
    },
    {
      "mode": "managed",
      "type": "aws_cloudwatch_metric_alarm",
      "name": "up",
      "provider": "provider[\"registry.terraform.io/hashicorp/aws\"]",
      "instances": [
        {
          "schema_version": 1,
          "attributes": {
            "actions_enabled": true,
            "alarm_actions": [
              "arn:aws:autoscaling:sa-east-1:374120343751:scalingPolicy:873b1a14-ef54-4980-add3-1fb435e4aa7a:autoScalingGroupName/terraform-autoscaling:policyName/Scale Up"
            ],
            "alarm_description": "Scales up an instance when CPU utilization is greater than 30%",
            "alarm_name": "ASG Up",
            "arn": "arn:aws:cloudwatch:sa-east-1:374120343751:alarm:ASG Up",
            "comparison_operator": "GreaterThanOrEqualToThreshold",
            "datapoints_to_alarm": 0,
            "dimensions": {
              "AutoScalingGroupName": "terraform-autoscaling"
            },
            "evaluate_low_sample_count_percentiles": "",
            "evaluation_periods": 1,
            "extended_statistic": "",
            "id": "ASG Up",
            "insufficient_data_actions": null,
            "metric_name": "CPUUtilization",
            "metric_query": [],
            "namespace": "AWS/EC2",
            "ok_actions": null,
            "period": 60,
            "statistic": "Average",
            "tags": null,
            "threshold": 30,
            "threshold_metric_id": "",
            "treat_missing_data": "missing",
            "unit": ""
          },
          "sensitive_attributes": [],
          "private": "eyJzY2hlbWFfdmVyc2lvbiI6IjEifQ==",
          "dependencies": [
            "aws_autoscaling_group.this",
            "aws_autoscaling_policy.scaleup",
            "aws_launch_template.this",
            "aws_lb_target_group.this",
            "aws_security_group.alb",
            "aws_security_group.autoscaling",
            "aws_subnet.this",
            "aws_vpc.this",
            "data.aws_ami.ubuntu"
          ]
        }
      ]
    },
    {
      "mode": "managed",
      "type": "aws_db_instance",
      "name": "web",
      "provider": "provider[\"registry.terraform.io/hashicorp/aws\"]",
      "instances": [
        {
          "schema_version": 1,
          "attributes": {
            "address": "terraform-20210929031852622500000003.c38aurkinpyo.sa-east-1.rds.amazonaws.com",
            "allocated_storage": 10,
            "allow_major_version_upgrade": null,
            "apply_immediately": null,
            "arn": "arn:aws:rds:sa-east-1:374120343751:db:terraform-20210929031852622500000003",
            "auto_minor_version_upgrade": true,
            "availability_zone": "sa-east-1a",
            "backup_retention_period": 0,
            "backup_window": "05:21-05:51",
            "ca_cert_identifier": "rds-ca-2019",
            "character_set_name": null,
            "copy_tags_to_snapshot": false,
            "db_subnet_group_name": "main",
            "delete_automated_backups": true,
            "deletion_protection": false,
            "domain": "",
            "domain_iam_role_name": "",
            "enabled_cloudwatch_logs_exports": null,
            "endpoint": "terraform-20210929031852622500000003.c38aurkinpyo.sa-east-1.rds.amazonaws.com:3306",
            "engine": "mysql",
            "engine_version": "5.7.33",
            "final_snapshot_identifier": null,
            "hosted_zone_id": "ZLRUIUX7Z3ZF7",
            "iam_database_authentication_enabled": false,
            "id": "terraform-20210929031852622500000003",
            "identifier": "terraform-20210929031852622500000003",
            "identifier_prefix": null,
            "instance_class": "db.t2.micro",
            "iops": 0,
            "kms_key_id": "",
            "latest_restorable_time": "0001-01-01T00:00:00Z",
            "license_model": "general-public-license",
            "maintenance_window": "tue:02:06-tue:02:36",
            "max_allocated_storage": 0,
            "monitoring_interval": 0,
            "monitoring_role_arn": "",
            "multi_az": false,
            "name": "mydb",
            "option_group_name": "default:mysql-5-7",
            "parameter_group_name": "default.mysql5.7",
            "password": "foobarbaz",
            "performance_insights_enabled": false,
            "performance_insights_kms_key_id": "",
            "performance_insights_retention_period": 0,
            "port": 3306,
            "publicly_accessible": false,
            "replicas": [],
            "replicate_source_db": "",
            "resource_id": "db-K7CB3H3CGH55IEXC4GRDXABSEM",
            "restore_to_point_in_time": [],
            "s3_import": [],
            "security_group_names": null,
            "skip_final_snapshot": true,
            "snapshot_identifier": null,
            "status": "available",
            "storage_encrypted": false,
            "storage_type": "gp2",
            "tags": null,
            "timeouts": null,
            "timezone": "",
            "username": "foo",
            "vpc_security_group_ids": [
              "sg-0d276a267c815d444"
            ]
          },
          "sensitive_attributes": [],
          "private": "eyJlMmJmYjczMC1lY2FhLTExZTYtOGY4OC0zNDM2M2JjN2M0YzAiOnsiY3JlYXRlIjoyNDAwMDAwMDAwMDAwLCJkZWxldGUiOjM2MDAwMDAwMDAwMDAsInVwZGF0ZSI6NDgwMDAwMDAwMDAwMH0sInNjaGVtYV92ZXJzaW9uIjoiMSJ9",
          "dependencies": [
            "aws_db_subnet_group.default",
            "aws_security_group.db",
            "aws_security_group.web",
            "aws_subnet.this",
            "aws_vpc.this"
          ]
        }
      ]
    },
    {
      "mode": "managed",
      "type": "aws_db_subnet_group",
      "name": "default",
      "provider": "provider[\"registry.terraform.io/hashicorp/aws\"]",
      "instances": [
        {
          "schema_version": 0,
          "attributes": {
            "arn": "arn:aws:rds:sa-east-1:374120343751:subgrp:main",
            "description": "Managed by Terraform",
            "id": "main",
            "name": "main",
            "name_prefix": null,
            "subnet_ids": [
              "subnet-0c4381be59caa3913",
              "subnet-0d38f83bf414e80a3"
            ],
            "tags": {
              "CreatedAt": "2020-03-17",
              "ManagedBy": "Terraform",
              "Name": "DB subnet group",
              "Owner": "Silas Marcos",
              "Project": "Iac com Terraform",
              "Service": "Auto Scaling App"
            }
          },
          "sensitive_attributes": [],
          "private": "bnVsbA==",
          "dependencies": [
            "aws_subnet.this",
            "aws_vpc.this"
          ]
        }
      ]
    },
    {
      "mode": "managed",
      "type": "aws_instance",
      "name": "jenkins",
      "provider": "provider[\"registry.terraform.io/hashicorp/aws\"]",
      "instances": [
        {
          "schema_version": 1,
          "attributes": {
            "ami": "ami-0fb509f11939c4d85",
            "arn": "arn:aws:ec2:sa-east-1:374120343751:instance/i-06b49bf12d1adeb9c",
            "associate_public_ip_address": false,
            "availability_zone": "sa-east-1b",
            "cpu_core_count": 1,
            "cpu_threads_per_core": 2,
            "credit_specification": [
              {
                "cpu_credits": "unlimited"
              }
            ],
            "disable_api_termination": false,
            "ebs_block_device": [],
            "ebs_optimized": false,
            "enclave_options": [
              {
                "enabled": false
              }
            ],
            "ephemeral_block_device": [],
            "get_password_data": false,
            "hibernation": false,
            "host_id": null,
            "iam_instance_profile": "",
            "id": "i-06b49bf12d1adeb9c",
            "instance_initiated_shutdown_behavior": null,
            "instance_state": "running",
            "instance_type": "t3.micro",
            "ipv6_address_count": 0,
            "ipv6_addresses": [],
            "key_name": "dev-key-admin-sp",
            "metadata_options": [
              {
                "http_endpoint": "enabled",
                "http_put_response_hop_limit": 1,
                "http_tokens": "optional"
              }
            ],
            "monitoring": false,
            "network_interface": [],
            "outpost_arn": "",
            "password_data": "",
            "placement_group": "",
            "primary_network_interface_id": "eni-0d26f3db935d3f2af",
            "private_dns": "ip-192-168-4-236.sa-east-1.compute.internal",
            "private_ip": "192.168.4.236",
            "public_dns": "",
            "public_ip": "",
            "root_block_device": [
              {
                "delete_on_termination": true,
                "device_name": "/dev/sda1",
                "encrypted": false,
                "iops": 105,
                "kms_key_id": "",
                "tags": {},
                "throughput": 0,
                "volume_id": "vol-01cb8a550faaa4c69",
                "volume_size": 35,
                "volume_type": "gp2"
              }
            ],
            "secondary_private_ips": [],
            "security_groups": [],
            "source_dest_check": true,
            "subnet_id": "subnet-0d38f83bf414e80a3",
            "tags": {
              "CreatedAt": "2020-03-17",
              "ManagedBy": "Terraform",
              "Name": "Jenkins Machine",
              "Owner": "Silas Marcos",
              "Project": "Iac com Terraform",
              "Service": "Auto Scaling App"
            },
            "tenancy": "default",
            "timeouts": null,
            "user_data": null,
            "user_data_base64": null,
            "volume_tags": null,
            "vpc_security_group_ids": [
              "sg-04497139c6c4f56aa"
            ]
          },
          "sensitive_attributes": [],
          "private": "eyJlMmJmYjczMC1lY2FhLTExZTYtOGY4OC0zNDM2M2JjN2M0YzAiOnsiY3JlYXRlIjo2MDAwMDAwMDAwMDAsImRlbGV0ZSI6MTIwMDAwMDAwMDAwMCwidXBkYXRlIjo2MDAwMDAwMDAwMDB9LCJzY2hlbWFfdmVyc2lvbiI6IjEifQ==",
          "dependencies": [
            "aws_security_group.jenkins",
            "aws_security_group.web",
            "aws_subnet.this",
            "aws_vpc.this",
            "data.aws_ami.ubuntu"
          ]
        }
      ]
    },
    {
      "mode": "managed",
      "type": "aws_internet_gateway",
      "name": "this",
      "provider": "provider[\"registry.terraform.io/hashicorp/aws\"]",
      "instances": [
        {
          "schema_version": 0,
          "attributes": {
            "arn": "arn:aws:ec2:sa-east-1:374120343751:internet-gateway/igw-07822ebe70c503ed3",
            "id": "igw-07822ebe70c503ed3",
            "owner_id": "374120343751",
            "tags": {
              "CreatedAt": "2020-03-17",
              "ManagedBy": "Terraform",
              "Name": "Terraform IGW ",
              "Owner": "Silas Marcos",
              "Project": "Iac com Terraform",
              "Service": "Auto Scaling App"
            },
            "vpc_id": "vpc-009bd95c7896b8e37"
          },
          "sensitive_attributes": [],
          "private": "bnVsbA==",
          "dependencies": [
            "aws_vpc.this"
          ]
        }
      ]
    },
    {
      "mode": "managed",
      "type": "aws_launch_template",
      "name": "this",
      "provider": "provider[\"registry.terraform.io/hashicorp/aws\"]",
      "instances": [
        {
          "schema_version": 0,
          "attributes": {
            "arn": "arn:aws:ec2:sa-east-1:374120343751:launch-template/lt-0aa31cd6396f92b2f",
            "block_device_mappings": [],
            "capacity_reservation_specification": [],
            "cpu_options": [],
            "credit_specification": [],
            "default_version": 1,
            "description": "",
            "disable_api_termination": false,
            "ebs_optimized": "",
            "elastic_gpu_specifications": [],
            "elastic_inference_accelerator": [],
            "enclave_options": [],
            "hibernation_options": [],
            "iam_instance_profile": [],
            "id": "lt-0aa31cd6396f92b2f",
            "image_id": "ami-0fb509f11939c4d85",
            "instance_initiated_shutdown_behavior": "",
            "instance_market_options": [],
            "instance_type": "t3.micro",
            "kernel_id": "",
            "key_name": "dev-key-admin-sp",
            "latest_version": 1,
            "license_specification": [],
            "metadata_options": [],
            "monitoring": [
              {
                "enabled": true
              }
            ],
            "name": "terraform-20210929031850907400000001",
            "name_prefix": "terraform-",
            "network_interfaces": [
              {
                "associate_carrier_ip_address": "",
                "associate_public_ip_address": "true",
                "delete_on_termination": "true",
                "description": "",
                "device_index": 0,
                "ipv4_address_count": 0,
                "ipv4_addresses": null,
                "ipv6_address_count": 0,
                "ipv6_addresses": null,
                "network_interface_id": "",
                "private_ip_address": "",
                "security_groups": [
                  "sg-0d7a13943b8024674"
                ],
                "subnet_id": ""
              }
            ],
            "placement": [],
            "ram_disk_id": "",
            "security_group_names": null,
            "tag_specifications": [],
            "tags": null,
            "update_default_version": null,
            "user_data": "IyEvYmluL2Jhc2gNCg0KUkVHSU9OPSJzYS1lYXN0LTEiDQpBQ0NPVU5UX05VTUJFUj0zNzQxMjAzNDM3NTENCg0Kc3VkbyBhcHQgaW5zdGFsbCBkb2NrZXIuaW8gLXkNCnN1ZG8gdXNlcm1vZCAtYSAtRyBkb2NrZXIgdWJ1bnR1DQoNCiMgc3VkbyBzdHJlc3MtbmcgLS1jcHUgMzIgLS10aW1lb3V0IDE4MCAtLW1ldHJpY3MtYnJpZWYNCiMgc3ViaWRhIGRlIGFwbGljYWNhbyBlbSBhcGxpY2FjYW8gd2ViIGFjZXNzbyB2aWEgQUxCDQoNCnN1ZG8gYXdzIGNvbmZpZ3VyZSBzZXQgYXdzX2FjY2Vzc19rZXlfaWQgJEFXU19BQ0NFU1NfS0VZX0lEIC0tcHJvZmlsZSBkZWZhdWx0DQpzdWRvIGF3cyBjb25maWd1cmUgc2V0IC0tcHJvZmlsZSBkZWZhdWx0DQphd3MgY29uZmlndXJlIHNldCBhd3Nfc2VjcmV0X2FjY2Vzc19rZXkgJEFXU19BQ0NFU1NfS0VZX1NFQ1JFVCAtLXByb2ZpbGUgZGVmYXVsdA0Kc3VkbyBhd3MgY29uZmlndXJlIHNldCByZWdpb24gJFJFR0lPTiAtLXByb2ZpbGUgZGVmYXVsdA0Kc3VkbyBhd3MgY29uZmlndXJlIHNldCBvdXRwdXQgJE9VVFBVVCAtLXByb2ZpbGUgZGVmYXVsdA0KDQpzdWRvIGF3cyBlY3IgZ2V0LWxvZ2luLXBhc3N3b3JkIC0tcmVnaW9uICRSRUdJT04gfCBkb2NrZXIgbG9naW4gLS11c2VybmFtZSBBV1MgLS1wYXNzd29yZC1zdGRpbiAkQUNDT1VOVF9OVU1CRVIuZGtyLmVjci4kUkVHSU9OLmFtYXpvbmF3cy5jb20NCnN1ZG8gZG9ja2VyIHRhZyBzYW1wbGUtbm9kZWpzLWFwcDpsYXRlc3QgJEFDQ09VTlRfTlVNQkVSLmRrci5lY3IuJFJFR0lPTi5hbWF6b25hd3MuY29tL3NhbXBsZS1ub2RlanMtYXBwOmxhdGVzdA0Kc3VkbyBkb2NrZXIgcHVsbCAkQUNDT1VOVF9OVU1CRVIuZGtyLmVjci4kUkVHSU9OLmFtYXpvbmF3cy5jb20vc2FtcGxlLW5vZGVqcy1hcHA6bGF0ZXN0DQpzdWRvIGRvY2tlciBwdXNoICRBQ0NPVU5UX05VTUJFUi5ka3IuZWNyLiRSRUdJT04uYW1hem9uYXdzLmNvbS9zYW1wbGUtbm9kZWpzLWFwcDpsYXRlc3QNCnN1ZG8gZG9ja2VyIHJ1biAtcCA4MDozMDAwICRBQ0NPVU5UX05VTUJFUi5ka3IuZWNyLiRSRUdJT04uYW1hem9uYXdzLmNvbS9zYW1wbGUtbm9kZWpzLWFwcA==",
            "vpc_security_group_ids": null
          },
          "sensitive_attributes": [],
          "private": "bnVsbA==",
          "dependencies": [
            "aws_security_group.alb",
            "aws_security_group.autoscaling",
            "aws_vpc.this",
            "data.aws_ami.ubuntu"
          ]
        }
      ]
    },
    {
      "mode": "managed",
      "type": "aws_lb",
      "name": "this",
      "provider": "provider[\"registry.terraform.io/hashicorp/aws\"]",
      "instances": [
        {
          "schema_version": 0,
          "attributes": {
            "access_logs": [
              {
                "bucket": "",
                "enabled": false,
                "prefix": ""
              }
            ],
            "arn": "arn:aws:elasticloadbalancing:sa-east-1:374120343751:loadbalancer/app/Terraform-ALB/7b6ddbfa1e180ca1",
            "arn_suffix": "app/Terraform-ALB/7b6ddbfa1e180ca1",
            "customer_owned_ipv4_pool": "",
            "dns_name": "Terraform-ALB-1149820454.sa-east-1.elb.amazonaws.com",
            "drop_invalid_header_fields": false,
            "enable_cross_zone_load_balancing": null,
            "enable_deletion_protection": false,
            "enable_http2": true,
            "id": "arn:aws:elasticloadbalancing:sa-east-1:374120343751:loadbalancer/app/Terraform-ALB/7b6ddbfa1e180ca1",
            "idle_timeout": 60,
            "internal": false,
            "ip_address_type": "ipv4",
            "load_balancer_type": "application",
            "name": "Terraform-ALB",
            "name_prefix": null,
            "security_groups": [
              "sg-0a36f2a3504284178"
            ],
            "subnet_mapping": [
              {
                "allocation_id": "",
                "ipv6_address": "",
                "outpost_id": "",
                "private_ipv4_address": "",
                "subnet_id": "subnet-0a4b35426abbff83e"
              },
              {
                "allocation_id": "",
                "ipv6_address": "",
                "outpost_id": "",
                "private_ipv4_address": "",
                "subnet_id": "subnet-0f3270e1eadcc06a7"
              }
            ],
            "subnets": [
              "subnet-0a4b35426abbff83e",
              "subnet-0f3270e1eadcc06a7"
            ],
            "tags": {
              "CreatedAt": "2020-03-17",
              "ManagedBy": "Terraform",
              "Name": "Terraform ALB",
              "Owner": "Silas Marcos",
              "Project": "Iac com Terraform",
              "Service": "Auto Scaling App"
            },
            "timeouts": null,
            "vpc_id": "vpc-009bd95c7896b8e37",
            "zone_id": "Z2P70J7HTTTPLU"
          },
          "sensitive_attributes": [],
          "private": "eyJlMmJmYjczMC1lY2FhLTExZTYtOGY4OC0zNDM2M2JjN2M0YzAiOnsiY3JlYXRlIjo2MDAwMDAwMDAwMDAsImRlbGV0ZSI6NjAwMDAwMDAwMDAwLCJ1cGRhdGUiOjYwMDAwMDAwMDAwMH19",
          "dependencies": [
            "aws_security_group.alb",
            "aws_subnet.this",
            "aws_vpc.this"
          ]
        }
      ]
    },
    {
      "mode": "managed",
      "type": "aws_lb_listener",
      "name": "this",
      "provider": "provider[\"registry.terraform.io/hashicorp/aws\"]",
      "instances": [
        {
          "schema_version": 0,
          "attributes": {
            "arn": "arn:aws:elasticloadbalancing:sa-east-1:374120343751:listener/app/Terraform-ALB/7b6ddbfa1e180ca1/c823cec8084c9fe8",
            "certificate_arn": null,
            "default_action": [
              {
                "authenticate_cognito": [],
                "authenticate_oidc": [],
                "fixed_response": [],
                "forward": [],
                "order": 1,
                "redirect": [],
                "target_group_arn": "arn:aws:elasticloadbalancing:sa-east-1:374120343751:targetgroup/ALB-TG/426dea89926d99a6",
                "type": "forward"
              }
            ],
            "id": "arn:aws:elasticloadbalancing:sa-east-1:374120343751:listener/app/Terraform-ALB/7b6ddbfa1e180ca1/c823cec8084c9fe8",
            "load_balancer_arn": "arn:aws:elasticloadbalancing:sa-east-1:374120343751:loadbalancer/app/Terraform-ALB/7b6ddbfa1e180ca1",
            "port": 80,
            "protocol": "HTTP",
            "ssl_policy": "",
            "timeouts": null
          },
          "sensitive_attributes": [],
          "private": "eyJlMmJmYjczMC1lY2FhLTExZTYtOGY4OC0zNDM2M2JjN2M0YzAiOnsicmVhZCI6NjAwMDAwMDAwMDAwfX0=",
          "dependencies": [
            "aws_lb.this",
            "aws_lb_target_group.this",
            "aws_security_group.alb",
            "aws_subnet.this",
            "aws_vpc.this"
          ]
        }
      ]
    },
    {
      "mode": "managed",
      "type": "aws_lb_target_group",
      "name": "this",
      "provider": "provider[\"registry.terraform.io/hashicorp/aws\"]",
      "instances": [
        {
          "schema_version": 0,
          "attributes": {
            "arn": "arn:aws:elasticloadbalancing:sa-east-1:374120343751:targetgroup/ALB-TG/426dea89926d99a6",
            "arn_suffix": "targetgroup/ALB-TG/426dea89926d99a6",
            "deregistration_delay": 300,
            "health_check": [
              {
                "enabled": true,
                "healthy_threshold": 2,
                "interval": 30,
                "matcher": "200",
                "path": "/",
                "port": "traffic-port",
                "protocol": "HTTP",
                "timeout": 5,
                "unhealthy_threshold": 3
              }
            ],
            "id": "arn:aws:elasticloadbalancing:sa-east-1:374120343751:targetgroup/ALB-TG/426dea89926d99a6",
            "lambda_multi_value_headers_enabled": false,
            "load_balancing_algorithm_type": "round_robin",
            "name": "ALB-TG",
            "name_prefix": null,
            "port": 80,
            "protocol": "HTTP",
            "protocol_version": "HTTP1",
            "proxy_protocol_v2": false,
            "slow_start": 0,
            "stickiness": [
              {
                "cookie_duration": 86400,
                "enabled": false,
                "type": "lb_cookie"
              }
            ],
            "tags": null,
            "target_type": "instance",
            "vpc_id": "vpc-009bd95c7896b8e37"
          },
          "sensitive_attributes": [],
          "private": "bnVsbA==",
          "dependencies": [
            "aws_vpc.this"
          ]
        }
      ]
    },
    {
      "mode": "managed",
      "type": "aws_route_table",
      "name": "private",
      "provider": "provider[\"registry.terraform.io/hashicorp/aws\"]",
      "instances": [
        {
          "schema_version": 0,
          "attributes": {
            "id": "rtb-0973a1996d5b18e9d",
            "owner_id": "374120343751",
            "propagating_vgws": [],
            "route": [],
            "tags": {
              "CreatedAt": "2020-03-17",
              "ManagedBy": "Terraform",
              "Name": "Terraform Private",
              "Owner": "Silas Marcos",
              "Project": "Iac com Terraform",
              "Service": "Auto Scaling App"
            },
            "vpc_id": "vpc-009bd95c7896b8e37"
          },
          "sensitive_attributes": [],
          "private": "bnVsbA==",
          "dependencies": [
            "aws_vpc.this"
          ]
        }
      ]
    },
    {
      "mode": "managed",
      "type": "aws_route_table",
      "name": "public",
      "provider": "provider[\"registry.terraform.io/hashicorp/aws\"]",
      "instances": [
        {
          "schema_version": 0,
          "attributes": {
            "id": "rtb-0eb1e73571c6f5e59",
            "owner_id": "374120343751",
            "propagating_vgws": [],
            "route": [
              {
                "cidr_block": "0.0.0.0/0",
                "egress_only_gateway_id": "",
                "gateway_id": "igw-07822ebe70c503ed3",
                "instance_id": "",
                "ipv6_cidr_block": "",
                "local_gateway_id": "",
                "nat_gateway_id": "",
                "network_interface_id": "",
                "transit_gateway_id": "",
                "vpc_endpoint_id": "",
                "vpc_peering_connection_id": ""
              }
            ],
            "tags": {
              "CreatedAt": "2020-03-17",
              "ManagedBy": "Terraform",
              "Name": "Terraform Public",
              "Owner": "Silas Marcos",
              "Project": "Iac com Terraform",
              "Service": "Auto Scaling App"
            },
            "vpc_id": "vpc-009bd95c7896b8e37"
          },
          "sensitive_attributes": [],
          "private": "bnVsbA==",
          "dependencies": [
            "aws_internet_gateway.this",
            "aws_vpc.this"
          ]
        }
      ]
    },
    {
      "mode": "managed",
      "type": "aws_route_table_association",
      "name": "this",
      "provider": "provider[\"registry.terraform.io/hashicorp/aws\"]",
      "instances": [
        {
          "index_key": "Private A",
          "schema_version": 0,
          "attributes": {
            "gateway_id": null,
            "id": "rtbassoc-0add7aabdf13596dc",
            "route_table_id": "rtb-0973a1996d5b18e9d",
            "subnet_id": "subnet-0c4381be59caa3913"
          },
          "sensitive_attributes": [],
          "private": "bnVsbA==",
          "dependencies": [
            "aws_internet_gateway.this",
            "aws_route_table.private",
            "aws_route_table.public",
            "aws_subnet.this",
            "aws_vpc.this"
          ]
        },
        {
          "index_key": "Private B",
          "schema_version": 0,
          "attributes": {
            "gateway_id": null,
            "id": "rtbassoc-067fe3c487f655376",
            "route_table_id": "rtb-0973a1996d5b18e9d",
            "subnet_id": "subnet-0d38f83bf414e80a3"
          },
          "sensitive_attributes": [],
          "private": "bnVsbA==",
          "dependencies": [
            "aws_internet_gateway.this",
            "aws_route_table.private",
            "aws_route_table.public",
            "aws_subnet.this",
            "aws_vpc.this"
          ]
        },
        {
          "index_key": "Public A",
          "schema_version": 0,
          "attributes": {
            "gateway_id": null,
            "id": "rtbassoc-06b2aab9624ab9b08",
            "route_table_id": "rtb-0eb1e73571c6f5e59",
            "subnet_id": "subnet-0a4b35426abbff83e"
          },
          "sensitive_attributes": [],
          "private": "bnVsbA==",
          "dependencies": [
            "aws_internet_gateway.this",
            "aws_route_table.private",
            "aws_route_table.public",
            "aws_subnet.this",
            "aws_vpc.this"
          ]
        },
        {
          "index_key": "Public B",
          "schema_version": 0,
          "attributes": {
            "gateway_id": null,
            "id": "rtbassoc-03db2df163fd23ad9",
            "route_table_id": "rtb-0eb1e73571c6f5e59",
            "subnet_id": "subnet-0f3270e1eadcc06a7"
          },
          "sensitive_attributes": [],
          "private": "bnVsbA==",
          "dependencies": [
            "aws_internet_gateway.this",
            "aws_route_table.private",
            "aws_route_table.public",
            "aws_subnet.this",
            "aws_vpc.this"
          ]
        }
      ]
    },
    {
      "mode": "managed",
      "type": "aws_s3_bucket",
      "name": "aws-codedeploy-sa-east-1-002",
      "provider": "provider[\"registry.terraform.io/hashicorp/aws\"]",
      "instances": [
        {
          "schema_version": 0,
          "attributes": {
            "acceleration_status": "",
            "acl": "private",
            "arn": "arn:aws:s3:::aws-codedeploy-sa-east-1-202109112314",
            "bucket": "aws-codedeploy-sa-east-1-202109112314",
            "bucket_domain_name": "aws-codedeploy-sa-east-1-202109112314.s3.amazonaws.com",
            "bucket_prefix": null,
            "bucket_regional_domain_name": "aws-codedeploy-sa-east-1-202109112314.s3.sa-east-1.amazonaws.com",
            "cors_rule": [],
            "force_destroy": false,
            "grant": [],
            "hosted_zone_id": "Z7KQH4QJS55SO",
            "id": "aws-codedeploy-sa-east-1-202109112314",
            "lifecycle_rule": [],
            "logging": [],
            "object_lock_configuration": [],
            "policy": null,
            "region": "sa-east-1",
            "replication_configuration": [],
            "request_payer": "BucketOwner",
            "server_side_encryption_configuration": [],
            "tags": {
              "Environment": "Dev",
              "Managedby": "Terraform",
              "Name": "My bucket",
              "Owner": "Lasmarco_dev",
              "UpdatedAt": "2021-09-11"
            },
            "versioning": [
              {
                "enabled": false,
                "mfa_delete": false
              }
            ],
            "website": [],
            "website_domain": null,
            "website_endpoint": null
          },
          "sensitive_attributes": [],
          "private": "bnVsbA=="
        }
      ]
    },
    {
      "mode": "managed",
      "type": "aws_security_group",
      "name": "alb",
      "provider": "provider[\"registry.terraform.io/hashicorp/aws\"]",
      "instances": [
        {
          "schema_version": 1,
          "attributes": {
            "arn": "arn:aws:ec2:sa-east-1:374120343751:security-group/sg-0a36f2a3504284178",
            "description": "Load Balancer SG",
            "egress": [
              {
                "cidr_blocks": [
                  "0.0.0.0/0"
                ],
                "description": "",
                "from_port": 0,
                "ipv6_cidr_blocks": [],
                "prefix_list_ids": [],
                "protocol": "-1",
                "security_groups": [],
                "self": false,
                "to_port": 0
              }
            ],
            "id": "sg-0a36f2a3504284178",
            "ingress": [
              {
                "cidr_blocks": [
                  "0.0.0.0/0"
                ],
                "description": "",
                "from_port": 80,
                "ipv6_cidr_blocks": [],
                "prefix_list_ids": [],
                "protocol": "tcp",
                "security_groups": [],
                "self": false,
                "to_port": 80
              }
            ],
            "name": "ALB-SG",
            "name_prefix": "",
            "owner_id": "374120343751",
            "revoke_rules_on_delete": false,
            "tags": {
              "CreatedAt": "2020-03-17",
              "ManagedBy": "Terraform",
              "Name": "Load Balancer",
              "Owner": "Silas Marcos",
              "Project": "Iac com Terraform",
              "Service": "Auto Scaling App"
            },
            "timeouts": null,
            "vpc_id": "vpc-009bd95c7896b8e37"
          },
          "sensitive_attributes": [],
          "private": "eyJlMmJmYjczMC1lY2FhLTExZTYtOGY4OC0zNDM2M2JjN2M0YzAiOnsiY3JlYXRlIjo2MDAwMDAwMDAwMDAsImRlbGV0ZSI6NjAwMDAwMDAwMDAwfSwic2NoZW1hX3ZlcnNpb24iOiIxIn0=",
          "dependencies": [
            "aws_vpc.this"
          ]
        }
      ]
    },
    {
      "mode": "managed",
      "type": "aws_security_group",
      "name": "autoscaling",
      "provider": "provider[\"registry.terraform.io/hashicorp/aws\"]",
      "instances": [
        {
          "schema_version": 1,
          "attributes": {
            "arn": "arn:aws:ec2:sa-east-1:374120343751:security-group/sg-0d7a13943b8024674",
            "description": "Security group that allows ssh/http and all egress traffic",
            "egress": [
              {
                "cidr_blocks": [
                  "0.0.0.0/0"
                ],
                "description": "",
                "from_port": 0,
                "ipv6_cidr_blocks": [],
                "prefix_list_ids": [],
                "protocol": "-1",
                "security_groups": [],
                "self": false,
                "to_port": 0
              }
            ],
            "id": "sg-0d7a13943b8024674",
            "ingress": [
              {
                "cidr_blocks": [
                  "0.0.0.0/0"
                ],
                "description": "",
                "from_port": 22,
                "ipv6_cidr_blocks": [],
                "prefix_list_ids": [],
                "protocol": "tcp",
                "security_groups": [],
                "self": false,
                "to_port": 22
              },
              {
                "cidr_blocks": [],
                "description": "",
                "from_port": 80,
                "ipv6_cidr_blocks": [],
                "prefix_list_ids": [],
                "protocol": "tcp",
                "security_groups": [
                  "sg-0a36f2a3504284178"
                ],
                "self": false,
                "to_port": 80
              }
            ],
            "name": "autoscaling",
            "name_prefix": "",
            "owner_id": "374120343751",
            "revoke_rules_on_delete": false,
            "tags": {
              "CreatedAt": "2020-03-17",
              "ManagedBy": "Terraform",
              "Name": "Auto Scaling",
              "Owner": "Silas Marcos",
              "Project": "Iac com Terraform",
              "Service": "Auto Scaling App"
            },
            "timeouts": null,
            "vpc_id": "vpc-009bd95c7896b8e37"
          },
          "sensitive_attributes": [],
          "private": "eyJlMmJmYjczMC1lY2FhLTExZTYtOGY4OC0zNDM2M2JjN2M0YzAiOnsiY3JlYXRlIjo2MDAwMDAwMDAwMDAsImRlbGV0ZSI6NjAwMDAwMDAwMDAwfSwic2NoZW1hX3ZlcnNpb24iOiIxIn0=",
          "dependencies": [
            "aws_security_group.alb",
            "aws_vpc.this"
          ]
        }
      ]
    },
    {
      "mode": "managed",
      "type": "aws_security_group",
      "name": "db",
      "provider": "provider[\"registry.terraform.io/hashicorp/aws\"]",
      "instances": [
        {
          "schema_version": 1,
          "attributes": {
            "arn": "arn:aws:ec2:sa-east-1:374120343751:security-group/sg-0d276a267c815d444",
            "description": "Allow incoming database connections",
            "egress": [
              {
                "cidr_blocks": [
                  "0.0.0.0/0"
                ],
                "description": "",
                "from_port": 443,
                "ipv6_cidr_blocks": [],
                "prefix_list_ids": [],
                "protocol": "tcp",
                "security_groups": [],
                "self": false,
                "to_port": 443
              },
              {
                "cidr_blocks": [
                  "0.0.0.0/0"
                ],
                "description": "",
                "from_port": 80,
                "ipv6_cidr_blocks": [],
                "prefix_list_ids": [],
                "protocol": "tcp",
                "security_groups": [],
                "self": false,
                "to_port": 80
              }
            ],
            "id": "sg-0d276a267c815d444",
            "ingress": [
              {
                "cidr_blocks": [
                  "192.168.0.0/16"
                ],
                "description": "",
                "from_port": -1,
                "ipv6_cidr_blocks": [],
                "prefix_list_ids": [],
                "protocol": "icmp",
                "security_groups": [],
                "self": false,
                "to_port": -1
              },
              {
                "cidr_blocks": [
                  "192.168.0.0/16"
                ],
                "description": "",
                "from_port": 22,
                "ipv6_cidr_blocks": [],
                "prefix_list_ids": [],
                "protocol": "tcp",
                "security_groups": [],
                "self": false,
                "to_port": 22
              },
              {
                "cidr_blocks": [],
                "description": "",
                "from_port": 3306,
                "ipv6_cidr_blocks": [],
                "prefix_list_ids": [],
                "protocol": "tcp",
                "security_groups": [
                  "sg-0eea951213866ab55"
                ],
                "self": false,
                "to_port": 3306
              }
            ],
            "name": "DB",
            "name_prefix": "",
            "owner_id": "374120343751",
            "revoke_rules_on_delete": false,
            "tags": {
              "CreatedAt": "2020-03-17",
              "ManagedBy": "Terraform",
              "Name": "Database MySQL",
              "Owner": "Silas Marcos",
              "Project": "Iac com Terraform",
              "Service": "Auto Scaling App"
            },
            "timeouts": null,
            "vpc_id": "vpc-009bd95c7896b8e37"
          },
          "sensitive_attributes": [],
          "private": "eyJlMmJmYjczMC1lY2FhLTExZTYtOGY4OC0zNDM2M2JjN2M0YzAiOnsiY3JlYXRlIjo2MDAwMDAwMDAwMDAsImRlbGV0ZSI6NjAwMDAwMDAwMDAwfSwic2NoZW1hX3ZlcnNpb24iOiIxIn0=",
          "dependencies": [
            "aws_security_group.web",
            "aws_subnet.this",
            "aws_vpc.this"
          ]
        }
      ]
    },
    {
      "mode": "managed",
      "type": "aws_security_group",
      "name": "jenkins",
      "provider": "provider[\"registry.terraform.io/hashicorp/aws\"]",
      "instances": [
        {
          "schema_version": 1,
          "attributes": {
            "arn": "arn:aws:ec2:sa-east-1:374120343751:security-group/sg-04497139c6c4f56aa",
            "description": "Allow incoming connections to Jenkins machine",
            "egress": [
              {
                "cidr_blocks": [],
                "description": "",
                "from_port": 22,
                "ipv6_cidr_blocks": [],
                "prefix_list_ids": [],
                "protocol": "tcp",
                "security_groups": [
                  "sg-0eea951213866ab55"
                ],
                "self": false,
                "to_port": 22
              }
            ],
            "id": "sg-04497139c6c4f56aa",
            "ingress": [
              {
                "cidr_blocks": [
                  "192.168.0.0/16"
                ],
                "description": "",
                "from_port": -1,
                "ipv6_cidr_blocks": [],
                "prefix_list_ids": [],
                "protocol": "icmp",
                "security_groups": [],
                "self": false,
                "to_port": -1
              },
              {
                "cidr_blocks": [
                  "192.168.0.0/16"
                ],
                "description": "",
                "from_port": 22,
                "ipv6_cidr_blocks": [],
                "prefix_list_ids": [],
                "protocol": "tcp",
                "security_groups": [],
                "self": false,
                "to_port": 22
              }
            ],
            "name": "Jenkins",
            "name_prefix": "",
            "owner_id": "374120343751",
            "revoke_rules_on_delete": false,
            "tags": {
              "CreatedAt": "2020-03-17",
              "ManagedBy": "Terraform",
              "Name": "Jenkins Machine",
              "Owner": "Silas Marcos",
              "Project": "Iac com Terraform",
              "Service": "Auto Scaling App"
            },
            "timeouts": null,
            "vpc_id": "vpc-009bd95c7896b8e37"
          },
          "sensitive_attributes": [],
          "private": "eyJlMmJmYjczMC1lY2FhLTExZTYtOGY4OC0zNDM2M2JjN2M0YzAiOnsiY3JlYXRlIjo2MDAwMDAwMDAwMDAsImRlbGV0ZSI6NjAwMDAwMDAwMDAwfSwic2NoZW1hX3ZlcnNpb24iOiIxIn0=",
          "dependencies": [
            "aws_security_group.web",
            "aws_subnet.this",
            "aws_vpc.this"
          ]
        }
      ]
    },
    {
      "mode": "managed",
      "type": "aws_security_group",
      "name": "web",
      "provider": "provider[\"registry.terraform.io/hashicorp/aws\"]",
      "instances": [
        {
          "schema_version": 1,
          "attributes": {
            "arn": "arn:aws:ec2:sa-east-1:374120343751:security-group/sg-0eea951213866ab55",
            "description": "Allow public inbound traffic",
            "egress": [
              {
                "cidr_blocks": [
                  "192.168.3.0/24"
                ],
                "description": "",
                "from_port": 3306,
                "ipv6_cidr_blocks": [],
                "prefix_list_ids": [],
                "protocol": "tcp",
                "security_groups": [],
                "self": false,
                "to_port": 3306
              }
            ],
            "id": "sg-0eea951213866ab55",
            "ingress": [
              {
                "cidr_blocks": [
                  "0.0.0.0/0"
                ],
                "description": "",
                "from_port": -1,
                "ipv6_cidr_blocks": [],
                "prefix_list_ids": [],
                "protocol": "icmp",
                "security_groups": [],
                "self": false,
                "to_port": -1
              },
              {
                "cidr_blocks": [
                  "0.0.0.0/0"
                ],
                "description": "",
                "from_port": 443,
                "ipv6_cidr_blocks": [],
                "prefix_list_ids": [],
                "protocol": "tcp",
                "security_groups": [],
                "self": false,
                "to_port": 443
              },
              {
                "cidr_blocks": [
                  "0.0.0.0/0"
                ],
                "description": "",
                "from_port": 80,
                "ipv6_cidr_blocks": [],
                "prefix_list_ids": [],
                "protocol": "tcp",
                "security_groups": [],
                "self": false,
                "to_port": 80
              }
            ],
            "name": "Web",
            "name_prefix": "",
            "owner_id": "374120343751",
            "revoke_rules_on_delete": false,
            "tags": {
              "CreatedAt": "2020-03-17",
              "ManagedBy": "Terraform",
              "Name": "Web Server",
              "Owner": "Silas Marcos",
              "Project": "Iac com Terraform",
              "Service": "Auto Scaling App"
            },
            "timeouts": null,
            "vpc_id": "vpc-009bd95c7896b8e37"
          },
          "sensitive_attributes": [],
          "private": "eyJlMmJmYjczMC1lY2FhLTExZTYtOGY4OC0zNDM2M2JjN2M0YzAiOnsiY3JlYXRlIjo2MDAwMDAwMDAwMDAsImRlbGV0ZSI6NjAwMDAwMDAwMDAwfSwic2NoZW1hX3ZlcnNpb24iOiIxIn0=",
          "dependencies": [
            "aws_subnet.this",
            "aws_vpc.this"
          ]
        }
      ]
    },
    {
      "mode": "managed",
      "type": "aws_subnet",
      "name": "this",
      "provider": "provider[\"registry.terraform.io/hashicorp/aws\"]",
      "instances": [
        {
          "index_key": "pub_a",
          "schema_version": 1,
          "attributes": {
            "arn": "arn:aws:ec2:sa-east-1:374120343751:subnet/subnet-0a4b35426abbff83e",
            "assign_ipv6_address_on_creation": false,
            "availability_zone": "sa-east-1a",
            "availability_zone_id": "sae1-az1",
            "cidr_block": "192.168.1.0/24",
            "customer_owned_ipv4_pool": "",
            "id": "subnet-0a4b35426abbff83e",
            "ipv6_cidr_block": "",
            "ipv6_cidr_block_association_id": "",
            "map_customer_owned_ip_on_launch": false,
            "map_public_ip_on_launch": false,
            "outpost_arn": "",
            "owner_id": "374120343751",
            "tags": {
              "CreatedAt": "2020-03-17",
              "ManagedBy": "Terraform",
              "Name": "Public A",
              "Owner": "Silas Marcos",
              "Project": "Iac com Terraform",
              "Service": "Auto Scaling App"
            },
            "timeouts": null,
            "vpc_id": "vpc-009bd95c7896b8e37"
          },
          "sensitive_attributes": [],
          "private": "eyJlMmJmYjczMC1lY2FhLTExZTYtOGY4OC0zNDM2M2JjN2M0YzAiOnsiY3JlYXRlIjo2MDAwMDAwMDAwMDAsImRlbGV0ZSI6MTIwMDAwMDAwMDAwMH0sInNjaGVtYV92ZXJzaW9uIjoiMSJ9",
          "dependencies": [
            "aws_vpc.this"
          ]
        },
        {
          "index_key": "pub_b",
          "schema_version": 1,
          "attributes": {
            "arn": "arn:aws:ec2:sa-east-1:374120343751:subnet/subnet-0f3270e1eadcc06a7",
            "assign_ipv6_address_on_creation": false,
            "availability_zone": "sa-east-1b",
            "availability_zone_id": "sae1-az2",
            "cidr_block": "192.168.2.0/24",
            "customer_owned_ipv4_pool": "",
            "id": "subnet-0f3270e1eadcc06a7",
            "ipv6_cidr_block": "",
            "ipv6_cidr_block_association_id": "",
            "map_customer_owned_ip_on_launch": false,
            "map_public_ip_on_launch": false,
            "outpost_arn": "",
            "owner_id": "374120343751",
            "tags": {
              "CreatedAt": "2020-03-17",
              "ManagedBy": "Terraform",
              "Name": "Public B",
              "Owner": "Silas Marcos",
              "Project": "Iac com Terraform",
              "Service": "Auto Scaling App"
            },
            "timeouts": null,
            "vpc_id": "vpc-009bd95c7896b8e37"
          },
          "sensitive_attributes": [],
          "private": "eyJlMmJmYjczMC1lY2FhLTExZTYtOGY4OC0zNDM2M2JjN2M0YzAiOnsiY3JlYXRlIjo2MDAwMDAwMDAwMDAsImRlbGV0ZSI6MTIwMDAwMDAwMDAwMH0sInNjaGVtYV92ZXJzaW9uIjoiMSJ9",
          "dependencies": [
            "aws_vpc.this"
          ]
        },
        {
          "index_key": "pvt_a",
          "schema_version": 1,
          "attributes": {
            "arn": "arn:aws:ec2:sa-east-1:374120343751:subnet/subnet-0c4381be59caa3913",
            "assign_ipv6_address_on_creation": false,
            "availability_zone": "sa-east-1a",
            "availability_zone_id": "sae1-az1",
            "cidr_block": "192.168.3.0/24",
            "customer_owned_ipv4_pool": "",
            "id": "subnet-0c4381be59caa3913",
            "ipv6_cidr_block": "",
            "ipv6_cidr_block_association_id": "",
            "map_customer_owned_ip_on_launch": false,
            "map_public_ip_on_launch": false,
            "outpost_arn": "",
            "owner_id": "374120343751",
            "tags": {
              "CreatedAt": "2020-03-17",
              "ManagedBy": "Terraform",
              "Name": "Private A",
              "Owner": "Silas Marcos",
              "Project": "Iac com Terraform",
              "Service": "Auto Scaling App"
            },
            "timeouts": null,
            "vpc_id": "vpc-009bd95c7896b8e37"
          },
          "sensitive_attributes": [],
          "private": "eyJlMmJmYjczMC1lY2FhLTExZTYtOGY4OC0zNDM2M2JjN2M0YzAiOnsiY3JlYXRlIjo2MDAwMDAwMDAwMDAsImRlbGV0ZSI6MTIwMDAwMDAwMDAwMH0sInNjaGVtYV92ZXJzaW9uIjoiMSJ9",
          "dependencies": [
            "aws_vpc.this"
          ]
        },
        {
          "index_key": "pvt_b",
          "schema_version": 1,
          "attributes": {
            "arn": "arn:aws:ec2:sa-east-1:374120343751:subnet/subnet-0d38f83bf414e80a3",
            "assign_ipv6_address_on_creation": false,
            "availability_zone": "sa-east-1b",
            "availability_zone_id": "sae1-az2",
            "cidr_block": "192.168.4.0/24",
            "customer_owned_ipv4_pool": "",
            "id": "subnet-0d38f83bf414e80a3",
            "ipv6_cidr_block": "",
            "ipv6_cidr_block_association_id": "",
            "map_customer_owned_ip_on_launch": false,
            "map_public_ip_on_launch": false,
            "outpost_arn": "",
            "owner_id": "374120343751",
            "tags": {
              "CreatedAt": "2020-03-17",
              "ManagedBy": "Terraform",
              "Name": "Private B",
              "Owner": "Silas Marcos",
              "Project": "Iac com Terraform",
              "Service": "Auto Scaling App"
            },
            "timeouts": null,
            "vpc_id": "vpc-009bd95c7896b8e37"
          },
          "sensitive_attributes": [],
          "private": "eyJlMmJmYjczMC1lY2FhLTExZTYtOGY4OC0zNDM2M2JjN2M0YzAiOnsiY3JlYXRlIjo2MDAwMDAwMDAwMDAsImRlbGV0ZSI6MTIwMDAwMDAwMDAwMH0sInNjaGVtYV92ZXJzaW9uIjoiMSJ9",
          "dependencies": [
            "aws_vpc.this"
          ]
        }
      ]
    },
    {
      "mode": "managed",
      "type": "aws_vpc",
      "name": "this",
      "provider": "provider[\"registry.terraform.io/hashicorp/aws\"]",
      "instances": [
        {
          "schema_version": 1,
          "attributes": {
            "arn": "arn:aws:ec2:sa-east-1:374120343751:vpc/vpc-009bd95c7896b8e37",
            "assign_generated_ipv6_cidr_block": false,
            "cidr_block": "192.168.0.0/16",
            "default_network_acl_id": "acl-073c33b1bc585a752",
            "default_route_table_id": "rtb-03253d0f2b81f3bb6",
            "default_security_group_id": "sg-03026d082fdb5c8c0",
            "dhcp_options_id": "dopt-d26ec6b5",
            "enable_classiclink": false,
            "enable_classiclink_dns_support": false,
            "enable_dns_hostnames": false,
            "enable_dns_support": true,
            "id": "vpc-009bd95c7896b8e37",
            "instance_tenancy": "default",
            "ipv6_association_id": "",
            "ipv6_cidr_block": "",
            "main_route_table_id": "rtb-03253d0f2b81f3bb6",
            "owner_id": "374120343751",
            "tags": {
              "CreatedAt": "2020-03-17",
              "ManagedBy": "Terraform",
              "Name": "Terraform VPC ",
              "Owner": "Silas Marcos",
              "Project": "Iac com Terraform",
              "Service": "Auto Scaling App"
            }
          },
          "sensitive_attributes": [],
          "private": "eyJzY2hlbWFfdmVyc2lvbiI6IjEifQ=="
        }
      ]
    }
  ]
}
